
Microsoft Visual Studio Solution File, Format Version 12.00
# Visual Studio Version 17
VisualStudioVersion = 17.7.34031.279
MinimumVisualStudioVersion = 10.0.40219.1
Project("{FAE04EC0-301F-11D3-BF4B-00C04F79EFBC}") = "SpreadSheet_Nickolas_Sturgeon", "SpreadSheet_Nickolas_Sturgeon.csproj", "{0944EE23-F3B7-4A9F-851C-BB38B787A376}"
EndProject
Project("{FAE04EC0-301F-11D3-BF4B-00C04F79EFBC}") = "Test_Unit_SpreadSheet", "..\Test_Unit_SpreadSheet\Test_Unit_SpreadSheet.csproj", "{55A03D86-04BE-435E-97EA-2230A61982F6}"
EndProject
Project("{FAE04EC0-301F-11D3-BF4B-00C04F79EFBC}") = "SpreadSheet_Engine", "..\SpreadSheet_Engine\SpreadSheet_Engine.csproj", "{AA8A2823-4C96-47F2-9546-11975718BAF4}"
EndProject
Global
	GlobalSection(SolutionConfigurationPlatforms) = preSolution
		Debug|Any CPU = Debug|Any CPU
		Release|Any CPU = Release|Any CPU
	EndGlobalSection
	GlobalSection(ProjectConfigurationPlatforms) = postSolution
		{0944EE23-F3B7-4A9F-851C-BB38B787A376}.Debug|Any CPU.ActiveCfg = Debug|Any CPU
		{0944EE23-F3B7-4A9F-851C-BB38B787A376}.Debug|Any CPU.Build.0 = Debug|Any CPU
		{0944EE23-F3B7-4A9F-851C-BB38B787A376}.Release|Any CPU.ActiveCfg = Release|Any CPU
		{0944EE23-F3B7-4A9F-851C-BB38B787A376}.Release|Any CPU.Build.0 = Release|Any CPU
		{55A03D86-04BE-435E-97EA-2230A61982F6}.Debug|Any CPU.ActiveCfg = Debug|Any CPU
		{55A03D86-04BE-435E-97EA-2230A61982F6}.Debug|Any CPU.Build.0 = Debug|Any CPU
		{55A03D86-04BE-435E-97EA-2230A61982F6}.Release|Any CPU.ActiveCfg = Release|Any CPU
		{55A03D86-04BE-435E-97EA-2230A61982F6}.Release|Any CPU.Build.0 = Release|Any CPU
		{AA8A2823-4C96-47F2-9546-11975718BAF4}.Debug|Any CPU.ActiveCfg = Debug|Any CPU
		{AA8A2823-4C96-47F2-9546-11975718BAF4}.Debug|Any CPU.Build.0 = Debug|Any CPU
		{AA8A2823-4C96-47F2-9546-11975718BAF4}.Release|Any CPU.ActiveCfg = Release|Any CPU
		{AA8A2823-4C96-47F2-9546-11975718BAF4}.Release|Any CPU.Build.0 = Release|Any CPU
	EndGlobalSection
	GlobalSection(SolutionProperties) = preSolution
		HideSolutionNode = FALSE
	EndGlobalSection
	GlobalSection(ExtensibilityGlobals) = postSolution
		SolutionGuid = {D41ED30F-6E5B-469B-B5D3-36AF4EFFCFFF}
	EndGlobalSection
EndGlobal
